
Microsoft Visual Studio Solution File, Format Version 12.00
# Visual Studio Version 17
VisualStudioVersion = 17.5.33516.290
MinimumVisualStudioVersion = 10.0.40219.1
Project("{FAE04EC0-301F-11D3-BF4B-00C04F79EFBC}") = "ChatApp", "ChatApp\ChatApp.csproj", "{97EE360A-AD6F-4EE0-B2A3-A114852AC102}"
EndProject
Global
	GlobalSection(SolutionConfigurationPlatforms) = preSolution
		Debug|Any CPU = Debug|Any CPU
		Release|Any CPU = Release|Any CPU
	EndGlobalSection
	GlobalSection(ProjectConfigurationPlatforms) = postSolution
		{97EE360A-AD6F-4EE0-B2A3-A114852AC102}.Debug|Any CPU.ActiveCfg = Debug|Any CPU
		{97EE360A-AD6F-4EE0-B2A3-A114852AC102}.Debug|Any CPU.Build.0 = Debug|Any CPU
		{97EE360A-AD6F-4EE0-B2A3-A114852AC102}.Release|Any CPU.ActiveCfg = Release|Any CPU
		{97EE360A-AD6F-4EE0-B2A3-A114852AC102}.Release|Any CPU.Build.0 = Release|Any CPU
	EndGlobalSection
	GlobalSection(SolutionProperties) = preSolution
		HideSolutionNode = FALSE
	EndGlobalSection
	GlobalSection(ExtensibilityGlobals) = postSolution
		SolutionGuid = {09A49AEB-823D-42A1-9464-716A49FE7C0D}
	EndGlobalSection
EndGlobal
